// !$*UTF8*$!
{
	archiveVersion = 1;
	classes = {
	};
	objectVersion = 50;
	objects = {

/* Begin PBXBuildFile section */
		4110861321F56ABD0059C81F /* Parameters.m in Sources */ = {isa = PBXBuildFile; fileRef = 4110861221F56ABD0059C81F /* Parameters.m */; };
		4144226221DD60F5008795C5 /* GenomeNode.m in Sources */ = {isa = PBXBuildFile; fileRef = 4144226121DD60F5008795C5 /* GenomeNode.m */; };
		4144226521DD6158008795C5 /* GenomeLink.m in Sources */ = {isa = PBXBuildFile; fileRef = 4144226421DD6158008795C5 /* GenomeLink.m */; };
		4144226821DD617D008795C5 /* Genome.m in Sources */ = {isa = PBXBuildFile; fileRef = 4144226721DD617D008795C5 /* Genome.m */; };
		4144226C21DD61C5008795C5 /* Innovation.m in Sources */ = {isa = PBXBuildFile; fileRef = 4144226B21DD61C5008795C5 /* Innovation.m */; };
		4144227021DD6776008795C5 /* InnovationDb.m in Sources */ = {isa = PBXBuildFile; fileRef = 4144226F21DD6776008795C5 /* InnovationDb.m */; };
		4144227321DD7B26008795C5 /* Utilities.m in Sources */ = {isa = PBXBuildFile; fileRef = 4144227221DD7B26008795C5 /* Utilities.m */; };
		4144227821DD9A67008795C5 /* Population.m in Sources */ = {isa = PBXBuildFile; fileRef = 4144227721DD9A67008795C5 /* Population.m */; };
		4144227B21DD9F28008795C5 /* Species.m in Sources */ = {isa = PBXBuildFile; fileRef = 4144227A21DD9F28008795C5 /* Species.m */; };
		4144227D21DD9FBB008795C5 /* Organism.m in Sources */ = {isa = PBXBuildFile; fileRef = 4144227C21DD9FBB008795C5 /* Organism.m */; };
		4144228121DDA2C1008795C5 /* Network.m in Sources */ = {isa = PBXBuildFile; fileRef = 4144228021DDA2C1008795C5 /* Network.m */; };
		4144228521DDA427008795C5 /* PhenomeNode.m in Sources */ = {isa = PBXBuildFile; fileRef = 4144228421DDA427008795C5 /* PhenomeNode.m */; };
		4144228721DDA48C008795C5 /* PhenomeLink.m in Sources */ = {isa = PBXBuildFile; fileRef = 4144228621DDA48C008795C5 /* PhenomeLink.m */; };
		4144228C21E1501F008795C5 /* Screenshot.m in Sources */ = {isa = PBXBuildFile; fileRef = 4144228B21E1501F008795C5 /* Screenshot.m */; };
		4144228E21E1542D008795C5 /* WindowListApplierData.m in Sources */ = {isa = PBXBuildFile; fileRef = 4144228D21E1542D008795C5 /* WindowListApplierData.m */; };
		4144229321E2A15C008795C5 /* MsPacman.m in Sources */ = {isa = PBXBuildFile; fileRef = 4144229221E2A15C008795C5 /* MsPacman.m */; };
		419F41B521EAD023005A4377 /* Level1.m in Sources */ = {isa = PBXBuildFile; fileRef = 419F41B421EAD023005A4377 /* Level1.m */; };
		41C110E621D444DB00E2C5C0 /* main.m in Sources */ = {isa = PBXBuildFile; fileRef = 41C110E521D444DB00E2C5C0 /* main.m */; };
		41C110F521D5887200E2C5C0 /* Game.m in Sources */ = {isa = PBXBuildFile; fileRef = 41C110F421D5887200E2C5C0 /* Game.m */; };
		41C110FA21D58DD600E2C5C0 /* Keyboard.mm in Sources */ = {isa = PBXBuildFile; fileRef = 41C110F921D58DD600E2C5C0 /* Keyboard.mm */; };
/* End PBXBuildFile section */

/* Begin PBXCopyFilesBuildPhase section */
		41C110E021D444DB00E2C5C0 /* CopyFiles */ = {
			isa = PBXCopyFilesBuildPhase;
			buildActionMask = 2147483647;
			dstPath = /usr/share/man/man1/;
			dstSubfolderSpec = 0;
			files = (
			);
			runOnlyForDeploymentPostprocessing = 1;
		};
/* End PBXCopyFilesBuildPhase section */

/* Begin PBXFileReference section */
		4110861121F56A940059C81F /* Parameters.h */ = {isa = PBXFileReference; lastKnownFileType = sourcecode.c.h; path = Parameters.h; sourceTree = "<group>"; };
		4110861221F56ABD0059C81F /* Parameters.m */ = {isa = PBXFileReference; lastKnownFileType = sourcecode.c.objc; path = Parameters.m; sourceTree = "<group>"; };
		4144226121DD60F5008795C5 /* GenomeNode.m */ = {isa = PBXFileReference; lastKnownFileType = sourcecode.c.objc; path = GenomeNode.m; sourceTree = "<group>"; };
		4144226321DD612C008795C5 /* GenomeNode.h */ = {isa = PBXFileReference; lastKnownFileType = sourcecode.c.h; path = GenomeNode.h; sourceTree = "<group>"; };
		4144226421DD6158008795C5 /* GenomeLink.m */ = {isa = PBXFileReference; lastKnownFileType = sourcecode.c.objc; path = GenomeLink.m; sourceTree = "<group>"; };
		4144226621DD616A008795C5 /* GenomeLink.h */ = {isa = PBXFileReference; lastKnownFileType = sourcecode.c.h; path = GenomeLink.h; sourceTree = "<group>"; };
		4144226721DD617D008795C5 /* Genome.m */ = {isa = PBXFileReference; lastKnownFileType = sourcecode.c.objc; path = Genome.m; sourceTree = "<group>"; };
		4144226A21DD619A008795C5 /* Genome.h */ = {isa = PBXFileReference; lastKnownFileType = sourcecode.c.h; path = Genome.h; sourceTree = "<group>"; };
		4144226B21DD61C5008795C5 /* Innovation.m */ = {isa = PBXFileReference; lastKnownFileType = sourcecode.c.objc; path = Innovation.m; sourceTree = "<group>"; };
		4144226D21DD61D2008795C5 /* Innovation.h */ = {isa = PBXFileReference; lastKnownFileType = sourcecode.c.h; path = Innovation.h; sourceTree = "<group>"; };
		4144226F21DD6776008795C5 /* InnovationDb.m */ = {isa = PBXFileReference; lastKnownFileType = sourcecode.c.objc; path = InnovationDb.m; sourceTree = "<group>"; };
		4144227121DD679B008795C5 /* InnovationDb.h */ = {isa = PBXFileReference; lastKnownFileType = sourcecode.c.h; path = InnovationDb.h; sourceTree = "<group>"; };
		4144227221DD7B26008795C5 /* Utilities.m */ = {isa = PBXFileReference; lastKnownFileType = sourcecode.c.objc; path = Utilities.m; sourceTree = "<group>"; };
		4144227421DD7B34008795C5 /* Utilities.h */ = {isa = PBXFileReference; lastKnownFileType = sourcecode.c.h; path = Utilities.h; sourceTree = "<group>"; };
		4144227621DD9946008795C5 /* Population.h */ = {isa = PBXFileReference; lastKnownFileType = sourcecode.c.h; path = Population.h; sourceTree = "<group>"; };
		4144227721DD9A67008795C5 /* Population.m */ = {isa = PBXFileReference; lastKnownFileType = sourcecode.c.objc; path = Population.m; sourceTree = "<group>"; };
		4144227921DD9F0D008795C5 /* Species.h */ = {isa = PBXFileReference; lastKnownFileType = sourcecode.c.h; path = Species.h; sourceTree = "<group>"; };
		4144227A21DD9F28008795C5 /* Species.m */ = {isa = PBXFileReference; lastKnownFileType = sourcecode.c.objc; path = Species.m; sourceTree = "<group>"; };
		4144227C21DD9FBB008795C5 /* Organism.m */ = {isa = PBXFileReference; lastKnownFileType = sourcecode.c.objc; path = Organism.m; sourceTree = "<group>"; };
		4144227E21DD9FC9008795C5 /* Organism.h */ = {isa = PBXFileReference; lastKnownFileType = sourcecode.c.h; path = Organism.h; sourceTree = "<group>"; };
		4144228021DDA2C1008795C5 /* Network.m */ = {isa = PBXFileReference; lastKnownFileType = sourcecode.c.objc; path = Network.m; sourceTree = "<group>"; };
		4144228221DDA2CB008795C5 /* Network.h */ = {isa = PBXFileReference; lastKnownFileType = sourcecode.c.h; path = Network.h; sourceTree = "<group>"; };
		4144228321DDA3C7008795C5 /* PhenomeNode.h */ = {isa = PBXFileReference; lastKnownFileType = sourcecode.c.h; path = PhenomeNode.h; sourceTree = "<group>"; };
		4144228421DDA427008795C5 /* PhenomeNode.m */ = {isa = PBXFileReference; lastKnownFileType = sourcecode.c.objc; path = PhenomeNode.m; sourceTree = "<group>"; };
		4144228621DDA48C008795C5 /* PhenomeLink.m */ = {isa = PBXFileReference; lastKnownFileType = sourcecode.c.objc; path = PhenomeLink.m; sourceTree = "<group>"; };
		4144228821DDA4EA008795C5 /* PhenomeLink.h */ = {isa = PBXFileReference; lastKnownFileType = sourcecode.c.h; path = PhenomeLink.h; sourceTree = "<group>"; };
		4144228A21E1500E008795C5 /* Screenshot.h */ = {isa = PBXFileReference; lastKnownFileType = sourcecode.c.h; path = Screenshot.h; sourceTree = "<group>"; };
		4144228B21E1501F008795C5 /* Screenshot.m */ = {isa = PBXFileReference; lastKnownFileType = sourcecode.c.objc; path = Screenshot.m; sourceTree = "<group>"; };
		4144228D21E1542D008795C5 /* WindowListApplierData.m */ = {isa = PBXFileReference; lastKnownFileType = sourcecode.c.objc; path = WindowListApplierData.m; sourceTree = "<group>"; };
		4144228F21E15453008795C5 /* WindowListApplierData.h */ = {isa = PBXFileReference; lastKnownFileType = sourcecode.c.h; path = WindowListApplierData.h; sourceTree = "<group>"; };
		4144229121E2A14C008795C5 /* MsPacman.h */ = {isa = PBXFileReference; lastKnownFileType = sourcecode.c.h; path = MsPacman.h; sourceTree = "<group>"; };
		4144229221E2A15C008795C5 /* MsPacman.m */ = {isa = PBXFileReference; lastKnownFileType = sourcecode.c.objc; path = MsPacman.m; sourceTree = "<group>"; };
		419F41B421EAD023005A4377 /* Level1.m */ = {isa = PBXFileReference; lastKnownFileType = sourcecode.c.objc; path = Level1.m; sourceTree = "<group>"; };
		419F41B621EAD036005A4377 /* Level1.h */ = {isa = PBXFileReference; lastKnownFileType = sourcecode.c.h; path = Level1.h; sourceTree = "<group>"; };
		41C110E221D444DB00E2C5C0 /* MsPacman-Neat */ = {isa = PBXFileReference; explicitFileType = "compiled.mach-o.executable"; includeInIndex = 0; path = "MsPacman-Neat"; sourceTree = BUILT_PRODUCTS_DIR; };
		41C110E521D444DB00E2C5C0 /* main.m */ = {isa = PBXFileReference; lastKnownFileType = sourcecode.c.objc; path = main.m; sourceTree = "<group>"; };
		41C110F321D5887200E2C5C0 /* Game.h */ = {isa = PBXFileReference; lastKnownFileType = sourcecode.c.h; path = Game.h; sourceTree = "<group>"; };
		41C110F421D5887200E2C5C0 /* Game.m */ = {isa = PBXFileReference; lastKnownFileType = sourcecode.c.objc; path = Game.m; sourceTree = "<group>"; };
		41C110F921D58DD600E2C5C0 /* Keyboard.mm */ = {isa = PBXFileReference; lastKnownFileType = sourcecode.cpp.objcpp; path = Keyboard.mm; sourceTree = "<group>"; };
		41C110FB21D58DE600E2C5C0 /* Keyboard.h */ = {isa = PBXFileReference; lastKnownFileType = sourcecode.c.h; path = Keyboard.h; sourceTree = "<group>"; };
		41C110FC21D58E8D00E2C5C0 /* karabiner_virtual_hid_device_methods.hpp */ = {isa = PBXFileReference; fileEncoding = 4; lastKnownFileType = sourcecode.cpp.h; path = karabiner_virtual_hid_device_methods.hpp; sourceTree = "<group>"; };
		41C110FD21D58E8D00E2C5C0 /* karabiner_virtual_hid_device.hpp */ = {isa = PBXFileReference; fileEncoding = 4; lastKnownFileType = sourcecode.cpp.h; path = karabiner_virtual_hid_device.hpp; sourceTree = "<group>"; };
/* End PBXFileReference section */

/* Begin PBXFrameworksBuildPhase section */
		41C110DF21D444DB00E2C5C0 /* Frameworks */ = {
			isa = PBXFrameworksBuildPhase;
			buildActionMask = 2147483647;
			files = (
			);
			runOnlyForDeploymentPostprocessing = 0;
		};
/* End PBXFrameworksBuildPhase section */

/* Begin PBXGroup section */
		4144226E21DD6202008795C5 /* GenomeType */ = {
			isa = PBXGroup;
			children = (
				4144226321DD612C008795C5 /* GenomeNode.h */,
				4144226121DD60F5008795C5 /* GenomeNode.m */,
				4144226621DD616A008795C5 /* GenomeLink.h */,
				4144226421DD6158008795C5 /* GenomeLink.m */,
				4144226A21DD619A008795C5 /* Genome.h */,
				4144226721DD617D008795C5 /* Genome.m */,
				4144226D21DD61D2008795C5 /* Innovation.h */,
				4144226B21DD61C5008795C5 /* Innovation.m */,
				4144227121DD679B008795C5 /* InnovationDb.h */,
				4144226F21DD6776008795C5 /* InnovationDb.m */,
			);
			path = GenomeType;
			sourceTree = "<group>";
		};
		4144227521DD9901008795C5 /* Populations */ = {
			isa = PBXGroup;
			children = (
				4144227E21DD9FC9008795C5 /* Organism.h */,
				4144227C21DD9FBB008795C5 /* Organism.m */,
				4144227621DD9946008795C5 /* Population.h */,
				4144227721DD9A67008795C5 /* Population.m */,
				4144227921DD9F0D008795C5 /* Species.h */,
				4144227A21DD9F28008795C5 /* Species.m */,
			);
			path = Populations;
			sourceTree = "<group>";
		};
		4144227F21DDA286008795C5 /* PhenomeType */ = {
			isa = PBXGroup;
			children = (
				4144228221DDA2CB008795C5 /* Network.h */,
				4144228021DDA2C1008795C5 /* Network.m */,
				4144228821DDA4EA008795C5 /* PhenomeLink.h */,
				4144228621DDA48C008795C5 /* PhenomeLink.m */,
				4144228321DDA3C7008795C5 /* PhenomeNode.h */,
				4144228421DDA427008795C5 /* PhenomeNode.m */,
			);
			path = PhenomeType;
			sourceTree = "<group>";
		};
		4144228921E14FF0008795C5 /* Screenshot */ = {
			isa = PBXGroup;
			children = (
				4144228A21E1500E008795C5 /* Screenshot.h */,
				4144228B21E1501F008795C5 /* Screenshot.m */,
				4144228F21E15453008795C5 /* WindowListApplierData.h */,
				4144228D21E1542D008795C5 /* WindowListApplierData.m */,
			);
			path = Screenshot;
			sourceTree = "<group>";
		};
		4144229021E2A13B008795C5 /* MsPacman */ = {
			isa = PBXGroup;
			children = (
				419F41B621EAD036005A4377 /* Level1.h */,
				419F41B421EAD023005A4377 /* Level1.m */,
				4144229121E2A14C008795C5 /* MsPacman.h */,
				4144229221E2A15C008795C5 /* MsPacman.m */,
			);
			path = MsPacman;
			sourceTree = "<group>";
		};
		41C110D921D444DB00E2C5C0 = {
			isa = PBXGroup;
			children = (
				41C110FF21D5A68C00E2C5C0 /* Neat */,
				41C110E421D444DB00E2C5C0 /* MsPacman-Neat */,
				41C110E321D444DB00E2C5C0 /* Products */,
			);
			sourceTree = "<group>";
		};
		41C110E321D444DB00E2C5C0 /* Products */ = {
			isa = PBXGroup;
			children = (
				41C110E221D444DB00E2C5C0 /* MsPacman-Neat */,
			);
			name = Products;
			sourceTree = "<group>";
		};
		41C110E421D444DB00E2C5C0 /* MsPacman-Neat */ = {
			isa = PBXGroup;
			children = (
				4144229021E2A13B008795C5 /* MsPacman */,
				4144228921E14FF0008795C5 /* Screenshot */,
				41C110EC21D5877100E2C5C0 /* Keyboard */,
				41C110E521D444DB00E2C5C0 /* main.m */,
				41C110F321D5887200E2C5C0 /* Game.h */,
				41C110F421D5887200E2C5C0 /* Game.m */,
			);
			path = "MsPacman-Neat";
			sourceTree = "<group>";
		};
		41C110EC21D5877100E2C5C0 /* Keyboard */ = {
			isa = PBXGroup;
			children = (
				41C110FC21D58E8D00E2C5C0 /* karabiner_virtual_hid_device_methods.hpp */,
				41C110FD21D58E8D00E2C5C0 /* karabiner_virtual_hid_device.hpp */,
				41C110FB21D58DE600E2C5C0 /* Keyboard.h */,
				41C110F921D58DD600E2C5C0 /* Keyboard.mm */,
			);
			path = Keyboard;
			sourceTree = "<group>";
		};
		41C110FF21D5A68C00E2C5C0 /* Neat */ = {
			isa = PBXGroup;
			children = (
				4110861121F56A940059C81F /* Parameters.h */,
				4110861221F56ABD0059C81F /* Parameters.m */,
				4144227421DD7B34008795C5 /* Utilities.h */,
				4144227221DD7B26008795C5 /* Utilities.m */,
				4144226E21DD6202008795C5 /* GenomeType */,
				4144227F21DDA286008795C5 /* PhenomeType */,
				4144227521DD9901008795C5 /* Populations */,
			);
			path = Neat;
			sourceTree = "<group>";
		};
/* End PBXGroup section */

/* Begin PBXNativeTarget section */
		41C110E121D444DB00E2C5C0 /* MsPacman-Neat */ = {
			isa = PBXNativeTarget;
			buildConfigurationList = 41C110E921D444DB00E2C5C0 /* Build configuration list for PBXNativeTarget "MsPacman-Neat" */;
			buildPhases = (
				41C110DE21D444DB00E2C5C0 /* Sources */,
				41C110DF21D444DB00E2C5C0 /* Frameworks */,
				41C110E021D444DB00E2C5C0 /* CopyFiles */,
			);
			buildRules = (
			);
			dependencies = (
			);
			name = "MsPacman-Neat";
			productName = "MsPacman-Neat";
			productReference = 41C110E221D444DB00E2C5C0 /* MsPacman-Neat */;
			productType = "com.apple.product-type.tool";
		};
/* End PBXNativeTarget section */

/* Begin PBXProject section */
		41C110DA21D444DB00E2C5C0 /* Project object */ = {
			isa = PBXProject;
			attributes = {
				LastUpgradeCheck = 1020;
				ORGANIZATIONNAME = "Murphy Crosby";
				TargetAttributes = {
					41C110E121D444DB00E2C5C0 = {
						CreatedOnToolsVersion = 10.1;
					};
				};
			};
			buildConfigurationList = 41C110DD21D444DB00E2C5C0 /* Build configuration list for PBXProject "MsPacman-Neat" */;
			compatibilityVersion = "Xcode 9.3";
			developmentRegion = en;
			hasScannedForEncodings = 0;
			knownRegions = (
				en,
				Base,
			);
			mainGroup = 41C110D921D444DB00E2C5C0;
			productRefGroup = 41C110E321D444DB00E2C5C0 /* Products */;
			projectDirPath = "";
			projectRoot = "";
			targets = (
				41C110E121D444DB00E2C5C0 /* MsPacman-Neat */,
			);
		};
/* End PBXProject section */

/* Begin PBXSourcesBuildPhase section */
		41C110DE21D444DB00E2C5C0 /* Sources */ = {
			isa = PBXSourcesBuildPhase;
			buildActionMask = 2147483647;
			files = (
				4144228121DDA2C1008795C5 /* Network.m in Sources */,
				4144226221DD60F5008795C5 /* GenomeNode.m in Sources */,
				4144227D21DD9FBB008795C5 /* Organism.m in Sources */,
				4144228721DDA48C008795C5 /* PhenomeLink.m in Sources */,
				4144226521DD6158008795C5 /* GenomeLink.m in Sources */,
				4144229321E2A15C008795C5 /* MsPacman.m in Sources */,
				4144228C21E1501F008795C5 /* Screenshot.m in Sources */,
				4144227821DD9A67008795C5 /* Population.m in Sources */,
				4144227B21DD9F28008795C5 /* Species.m in Sources */,
				41C110E621D444DB00E2C5C0 /* main.m in Sources */,
				4144227321DD7B26008795C5 /* Utilities.m in Sources */,
				4144228521DDA427008795C5 /* PhenomeNode.m in Sources */,
				419F41B521EAD023005A4377 /* Level1.m in Sources */,
				41C110F521D5887200E2C5C0 /* Game.m in Sources */,
				4144227021DD6776008795C5 /* InnovationDb.m in Sources */,
				4110861321F56ABD0059C81F /* Parameters.m in Sources */,
				4144226821DD617D008795C5 /* Genome.m in Sources */,
				41C110FA21D58DD600E2C5C0 /* Keyboard.mm in Sources */,
				4144226C21DD61C5008795C5 /* Innovation.m in Sources */,
				4144228E21E1542D008795C5 /* WindowListApplierData.m in Sources */,
			);
			runOnlyForDeploymentPostprocessing = 0;
		};
/* End PBXSourcesBuildPhase section */

/* Begin XCBuildConfiguration section */
		41C110E721D444DB00E2C5C0 /* Debug */ = {
			isa = XCBuildConfiguration;
			buildSettings = {
				ALWAYS_SEARCH_USER_PATHS = NO;
				CLANG_ANALYZER_NONNULL = YES;
				CLANG_ANALYZER_NUMBER_OBJECT_CONVERSION = YES_AGGRESSIVE;
				CLANG_CXX_LANGUAGE_STANDARD = "gnu++14";
				CLANG_CXX_LIBRARY = "libc++";
				CLANG_ENABLE_MODULES = YES;
				CLANG_ENABLE_OBJC_ARC = YES;
				CLANG_ENABLE_OBJC_WEAK = YES;
				CLANG_WARN_BLOCK_CAPTURE_AUTORELEASING = YES;
				CLANG_WARN_BOOL_CONVERSION = YES;
				CLANG_WARN_COMMA = YES;
				CLANG_WARN_CONSTANT_CONVERSION = YES;
				CLANG_WARN_DEPRECATED_OBJC_IMPLEMENTATIONS = YES;
				CLANG_WARN_DIRECT_OBJC_ISA_USAGE = YES_ERROR;
				CLANG_WARN_DOCUMENTATION_COMMENTS = YES;
				CLANG_WARN_EMPTY_BODY = YES;
				CLANG_WARN_ENUM_CONVERSION = YES;
				CLANG_WARN_INFINITE_RECURSION = YES;
				CLANG_WARN_INT_CONVERSION = YES;
				CLANG_WARN_NON_LITERAL_NULL_CONVERSION = YES;
				CLANG_WARN_OBJC_IMPLICIT_RETAIN_SELF = YES;
				CLANG_WARN_OBJC_LITERAL_CONVERSION = YES;
				CLANG_WARN_OBJC_ROOT_CLASS = YES_ERROR;
				CLANG_WARN_RANGE_LOOP_ANALYSIS = YES;
				CLANG_WARN_STRICT_PROTOTYPES = YES;
				CLANG_WARN_SUSPICIOUS_MOVE = YES;
				CLANG_WARN_UNGUARDED_AVAILABILITY = YES_AGGRESSIVE;
				CLANG_WARN_UNREACHABLE_CODE = YES;
				CLANG_WARN__DUPLICATE_METHOD_MATCH = YES;
				CODE_SIGN_IDENTITY = "Mac Developer";
				COPY_PHASE_STRIP = NO;
				DEBUG_INFORMATION_FORMAT = dwarf;
				ENABLE_STRICT_OBJC_MSGSEND = YES;
				ENABLE_TESTABILITY = YES;
				GCC_C_LANGUAGE_STANDARD = gnu11;
				GCC_DYNAMIC_NO_PIC = NO;
				GCC_NO_COMMON_BLOCKS = YES;
				GCC_OPTIMIZATION_LEVEL = 0;
				GCC_PREPROCESSOR_DEFINITIONS = (
					"DEBUG=1",
					"$(inherited)",
				);
				GCC_WARN_64_TO_32_BIT_CONVERSION = YES;
				GCC_WARN_ABOUT_RETURN_TYPE = YES_ERROR;
				GCC_WARN_UNDECLARED_SELECTOR = YES;
				GCC_WARN_UNINITIALIZED_AUTOS = YES_AGGRESSIVE;
				GCC_WARN_UNUSED_FUNCTION = YES;
				GCC_WARN_UNUSED_VARIABLE = YES;
				MACOSX_DEPLOYMENT_TARGET = 10.14;
				MTL_ENABLE_DEBUG_INFO = INCLUDE_SOURCE;
				MTL_FAST_MATH = YES;
				ONLY_ACTIVE_ARCH = YES;
				SDKROOT = macosx;
			};
			name = Debug;
		};
		41C110E821D444DB00E2C5C0 /* Release */ = {
			isa = XCBuildConfiguration;
			buildSettings = {
				ALWAYS_SEARCH_USER_PATHS = NO;
				CLANG_ANALYZER_NONNULL = YES;
				CLANG_ANALYZER_NUMBER_OBJECT_CONVERSION = YES_AGGRESSIVE;
				CLANG_CXX_LANGUAGE_STANDARD = "gnu++14";
				CLANG_CXX_LIBRARY = "libc++";
				CLANG_ENABLE_MODULES = YES;
				CLANG_ENABLE_OBJC_ARC = YES;
				CLANG_ENABLE_OBJC_WEAK = YES;
				CLANG_WARN_BLOCK_CAPTURE_AUTORELEASING = YES;
				CLANG_WARN_BOOL_CONVERSION = YES;
				CLANG_WARN_COMMA = YES;
				CLANG_WARN_CONSTANT_CONVERSION = YES;
				CLANG_WARN_DEPRECATED_OBJC_IMPLEMENTATIONS = YES;
				CLANG_WARN_DIRECT_OBJC_ISA_USAGE = YES_ERROR;
				CLANG_WARN_DOCUMENTATION_COMMENTS = YES;
				CLANG_WARN_EMPTY_BODY = YES;
				CLANG_WARN_ENUM_CONVERSION = YES;
				CLANG_WARN_INFINITE_RECURSION = YES;
				CLANG_WARN_INT_CONVERSION = YES;
				CLANG_WARN_NON_LITERAL_NULL_CONVERSION = YES;
				CLANG_WARN_OBJC_IMPLICIT_RETAIN_SELF = YES;
				CLANG_WARN_OBJC_LITERAL_CONVERSION = YES;
				CLANG_WARN_OBJC_ROOT_CLASS = YES_ERROR;
				CLANG_WARN_RANGE_LOOP_ANALYSIS = YES;
				CLANG_WARN_STRICT_PROTOTYPES = YES;
				CLANG_WARN_SUSPICIOUS_MOVE = YES;
				CLANG_WARN_UNGUARDED_AVAILABILITY = YES_AGGRESSIVE;
				CLANG_WARN_UNREACHABLE_CODE = YES;
				CLANG_WARN__DUPLICATE_METHOD_MATCH = YES;
				CODE_SIGN_IDENTITY = "Mac Developer";
				COPY_PHASE_STRIP = NO;
				DEBUG_INFORMATION_FORMAT = "dwarf-with-dsym";
				ENABLE_NS_ASSERTIONS = NO;
				ENABLE_STRICT_OBJC_MSGSEND = YES;
				GCC_C_LANGUAGE_STANDARD = gnu11;
				GCC_NO_COMMON_BLOCKS = YES;
				GCC_WARN_64_TO_32_BIT_CONVERSION = YES;
				GCC_WARN_ABOUT_RETURN_TYPE = YES_ERROR;
				GCC_WARN_UNDECLARED_SELECTOR = YES;
				GCC_WARN_UNINITIALIZED_AUTOS = YES_AGGRESSIVE;
				GCC_WARN_UNUSED_FUNCTION = YES;
				GCC_WARN_UNUSED_VARIABLE = YES;
				MACOSX_DEPLOYMENT_TARGET = 10.14;
				MTL_ENABLE_DEBUG_INFO = NO;
				MTL_FAST_MATH = YES;
				SDKROOT = macosx;
			};
			name = Release;
		};
		41C110EA21D444DB00E2C5C0 /* Debug */ = {
			isa = XCBuildConfiguration;
			buildSettings = {
				CODE_SIGN_IDENTITY = "Mac Developer";
				CODE_SIGN_STYLE = Manual;
				DEVELOPMENT_TEAM = V4464TVV3N;
				PRODUCT_NAME = "$(TARGET_NAME)";
				PROVISIONING_PROFILE_SPECIFIER = "";
			};
			name = Debug;
		};
		41C110EB21D444DB00E2C5C0 /* Release */ = {
			isa = XCBuildConfiguration;
			buildSettings = {
				CODE_SIGN_IDENTITY = "Mac Developer";
				CODE_SIGN_STYLE = Manual;
				DEVELOPMENT_TEAM = V4464TVV3N;
				PRODUCT_NAME = "$(TARGET_NAME)";
				PROVISIONING_PROFILE_SPECIFIER = "";
			};
			name = Release;
		};
/* End XCBuildConfiguration section */

/* Begin XCConfigurationList section */
		41C110DD21D444DB00E2C5C0 /* Build configuration list for PBXProject "MsPacman-Neat" */ = {
			isa = XCConfigurationList;
			buildConfigurations = (
				41C110E721D444DB00E2C5C0 /* Debug */,
				41C110E821D444DB00E2C5C0 /* Release */,
			);
			defaultConfigurationIsVisible = 0;
			defaultConfigurationName = Release;
		};
		41C110E921D444DB00E2C5C0 /* Build configuration list for PBXNativeTarget "MsPacman-Neat" */ = {
			isa = XCConfigurationList;
			buildConfigurations = (
				41C110EA21D444DB00E2C5C0 /* Debug */,
				41C110EB21D444DB00E2C5C0 /* Release */,
			);
			defaultConfigurationIsVisible = 0;
			defaultConfigurationName = Release;
		};
/* End XCConfigurationList section */
	};
	rootObject = 41C110DA21D444DB00E2C5C0 /* Project object */;
}
